// !$*UTF8*$!
{
	archiveVersion = 1;
	classes = {
	};
	objectVersion = 77;
	objects = {

/* Begin PBXBuildFile section */
		FC6C1D562ED0D77F00C05683 /* FirebaseAuth in Frameworks */ = {isa = PBXBuildFile; productRef = FC6C1D552ED0D77F00C05683 /* FirebaseAuth */; };
		FC6C1D582ED0D77F00C05683 /* FirebaseFirestore in Frameworks */ = {isa = PBXBuildFile; productRef = FC6C1D572ED0D77F00C05683 /* FirebaseFirestore */; };
		FC6C1D5A2ED0D77F00C05683 /* FirebaseStorage in Frameworks */ = {isa = PBXBuildFile; productRef = FC6C1D592ED0D77F00C05683 /* FirebaseStorage */; };
/* End PBXBuildFile section */

/* Begin PBXContainerItemProxy section */
		FCFB208D2ECEAE0C00F8E663 /* PBXContainerItemProxy */ = {
			isa = PBXContainerItemProxy;
			containerPortal = FCFB20772ECEAE0A00F8E663 /* Project object */;
			proxyType = 1;
			remoteGlobalIDString = FCFB207E2ECEAE0A00F8E663;
			remoteInfo = LRadar;
		};
		FCFB20972ECEAE0C00F8E663 /* PBXContainerItemProxy */ = {
			isa = PBXContainerItemProxy;
			containerPortal = FCFB20772ECEAE0A00F8E663 /* Project object */;
			proxyType = 1;
			remoteGlobalIDString = FCFB207E2ECEAE0A00F8E663;
			remoteInfo = LRadar;
		};
/* End PBXContainerItemProxy section */

/* Begin PBXFileReference section */
		FCFB207F2ECEAE0A00F8E663 /* LRadar.app */ = {isa = PBXFileReference; explicitFileType = wrapper.application; includeInIndex = 0; path = LRadar.app; sourceTree = BUILT_PRODUCTS_DIR; };
		FCFB208C2ECEAE0C00F8E663 /* LRadarTests.xctest */ = {isa = PBXFileReference; explicitFileType = wrapper.cfbundle; includeInIndex = 0; path = LRadarTests.xctest; sourceTree = BUILT_PRODUCTS_DIR; };
		FCFB20962ECEAE0C00F8E663 /* LRadarUITests.xctest */ = {isa = PBXFileReference; explicitFileType = wrapper.cfbundle; includeInIndex = 0; path = LRadarUITests.xctest; sourceTree = BUILT_PRODUCTS_DIR; };
/* End PBXFileReference section */

/* Begin PBXFileSystemSynchronizedRootGroup section */
		FCFB20812ECEAE0A00F8E663 /* LRadar */ = {
			isa = PBXFileSystemSynchronizedRootGroup;
			path = LRadar;
			sourceTree = "<group>";
		};
		FCFB208F2ECEAE0C00F8E663 /* LRadarTests */ = {
			isa = PBXFileSystemSynchronizedRootGroup;
			path = LRadarTests;
			sourceTree = "<group>";
		};
		FCFB20992ECEAE0C00F8E663 /* LRadarUITests */ = {
			isa = PBXFileSystemSynchronizedRootGroup;
			path = LRadarUITests;
			sourceTree = "<group>";
		};
/* End PBXFileSystemSynchronizedRootGroup section */

/* Begin PBXFrameworksBuildPhase section */
		FCFB207C2ECEAE0A00F8E663 /* Frameworks */ = {
			isa = PBXFrameworksBuildPhase;
			buildActionMask = 2147483647;
			files = (
				FC6C1D562ED0D77F00C05683 /* FirebaseAuth in Frameworks */,
				FC6C1D582ED0D77F00C05683 /* FirebaseFirestore in Frameworks */,
				FC6C1D5A2ED0D77F00C05683 /* FirebaseStorage in Frameworks */,
			);
			runOnlyForDeploymentPostprocessing = 0;
		};
		FCFB20892ECEAE0C00F8E663 /* Frameworks */ = {
			isa = PBXFrameworksBuildPhase;
			buildActionMask = 2147483647;
			files = (
			);
			runOnlyForDeploymentPostprocessing = 0;
		};
		FCFB20932ECEAE0C00F8E663 /* Frameworks */ = {
			isa = PBXFrameworksBuildPhase;
			buildActionMask = 2147483647;
			files = (
			);
			runOnlyForDeploymentPostprocessing = 0;
		};
/* End PBXFrameworksBuildPhase section */

/* Begin PBXGroup section */
		FCFB20762ECEAE0A00F8E663 = {
			isa = PBXGroup;
			children = (
				FCFB20812ECEAE0A00F8E663 /* LRadar */,
				FCFB208F2ECEAE0C00F8E663 /* LRadarTests */,
				FCFB20992ECEAE0C00F8E663 /* LRadarUITests */,
				FCFB20802ECEAE0A00F8E663 /* Products */,
			);
			sourceTree = "<group>";
		};
		FCFB20802ECEAE0A00F8E663 /* Products */ = {
			isa = PBXGroup;
			children = (
				FCFB207F2ECEAE0A00F8E663 /* LRadar.app */,
				FCFB208C2ECEAE0C00F8E663 /* LRadarTests.xctest */,
				FCFB20962ECEAE0C00F8E663 /* LRadarUITests.xctest */,
			);
			name = Products;
			sourceTree = "<group>";
		};
/* End PBXGroup section */

/* Begin PBXNativeTarget section */
		FCFB207E2ECEAE0A00F8E663 /* LRadar */ = {
			isa = PBXNativeTarget;
			buildConfigurationList = FCFB20A02ECEAE0C00F8E663 /* Build configuration list for PBXNativeTarget "LRadar" */;
			buildPhases = (
				FCFB207B2ECEAE0A00F8E663 /* Sources */,
				FCFB207C2ECEAE0A00F8E663 /* Frameworks */,
				FCFB207D2ECEAE0A00F8E663 /* Resources */,
			);
			buildRules = (
			);
			dependencies = (
			);
			fileSystemSynchronizedGroups = (
				FCFB20812ECEAE0A00F8E663 /* LRadar */,
			);
			name = LRadar;
			packageProductDependencies = (
				FC6C1D552ED0D77F00C05683 /* FirebaseAuth */,
				FC6C1D572ED0D77F00C05683 /* FirebaseFirestore */,
				FC6C1D592ED0D77F00C05683 /* FirebaseStorage */,
			);
			productName = LRadar;
			productReference = FCFB207F2ECEAE0A00F8E663 /* LRadar.app */;
			productType = "com.apple.product-type.application";
		};
		FCFB208B2ECEAE0C00F8E663 /* LRadarTests */ = {
			isa = PBXNativeTarget;
			buildConfigurationList = FCFB20A32ECEAE0C00F8E663 /* Build configuration list for PBXNativeTarget "LRadarTests" */;
			buildPhases = (
				FCFB20882ECEAE0C00F8E663 /* Sources */,
				FCFB20892ECEAE0C00F8E663 /* Frameworks */,
				FCFB208A2ECEAE0C00F8E663 /* Resources */,
			);
			buildRules = (
			);
			dependencies = (
				FCFB208E2ECEAE0C00F8E663 /* PBXTargetDependency */,
			);
			fileSystemSynchronizedGroups = (
				FCFB208F2ECEAE0C00F8E663 /* LRadarTests */,
			);
			name = LRadarTests;
			packageProductDependencies = (
			);
			productName = LRadarTests;
			productReference = FCFB208C2ECEAE0C00F8E663 /* LRadarTests.xctest */;
			productType = "com.apple.product-type.bundle.unit-test";
		};
		FCFB20952ECEAE0C00F8E663 /* LRadarUITests */ = {
			isa = PBXNativeTarget;
			buildConfigurationList = FCFB20A62ECEAE0C00F8E663 /* Build configuration list for PBXNativeTarget "LRadarUITests" */;
			buildPhases = (
				FCFB20922ECEAE0C00F8E663 /* Sources */,
				FCFB20932ECEAE0C00F8E663 /* Frameworks */,
				FCFB20942ECEAE0C00F8E663 /* Resources */,
			);
			buildRules = (
			);
			dependencies = (
				FCFB20982ECEAE0C00F8E663 /* PBXTargetDependency */,
			);
			fileSystemSynchronizedGroups = (
				FCFB20992ECEAE0C00F8E663 /* LRadarUITests */,
			);
			name = LRadarUITests;
			packageProductDependencies = (
			);
			productName = LRadarUITests;
			productReference = FCFB20962ECEAE0C00F8E663 /* LRadarUITests.xctest */;
			productType = "com.apple.product-type.bundle.ui-testing";
		};
/* End PBXNativeTarget section */

/* Begin PBXProject section */
		FCFB20772ECEAE0A00F8E663 /* Project object */ = {
			isa = PBXProject;
			attributes = {
				BuildIndependentTargetsInParallel = 1;
				LastSwiftUpdateCheck = 1640;
				LastUpgradeCheck = 1640;
				TargetAttributes = {
					FCFB207E2ECEAE0A00F8E663 = {
						CreatedOnToolsVersion = 16.4;
					};
					FCFB208B2ECEAE0C00F8E663 = {
						CreatedOnToolsVersion = 16.4;
						TestTargetID = FCFB207E2ECEAE0A00F8E663;
					};
					FCFB20952ECEAE0C00F8E663 = {
						CreatedOnToolsVersion = 16.4;
						TestTargetID = FCFB207E2ECEAE0A00F8E663;
					};
				};
			};
			buildConfigurationList = FCFB207A2ECEAE0A00F8E663 /* Build configuration list for PBXProject "LRadar" */;
			developmentRegion = en;
			hasScannedForEncodings = 0;
			knownRegions = (
				en,
				Base,
			);
			mainGroup = FCFB20762ECEAE0A00F8E663;
			minimizedProjectReferenceProxies = 1;
			packageReferences = (
				FC6C1D542ED0D77F00C05683 /* XCRemoteSwiftPackageReference "firebase-ios-sdk" */,
			);
			preferredProjectObjectVersion = 77;
			productRefGroup = FCFB20802ECEAE0A00F8E663 /* Products */;
			projectDirPath = "";
			projectRoot = "";
			targets = (
				FCFB207E2ECEAE0A00F8E663 /* LRadar */,
				FCFB208B2ECEAE0C00F8E663 /* LRadarTests */,
				FCFB20952ECEAE0C00F8E663 /* LRadarUITests */,
			);
		};
/* End PBXProject section */

/* Begin PBXResourcesBuildPhase section */
		FCFB207D2ECEAE0A00F8E663 /* Resources */ = {
			isa = PBXResourcesBuildPhase;
			buildActionMask = 2147483647;
			files = (
			);
			runOnlyForDeploymentPostprocessing = 0;
		};
		FCFB208A2ECEAE0C00F8E663 /* Resources */ = {
			isa = PBXResourcesBuildPhase;
			buildActionMask = 2147483647;
			files = (
			);
			runOnlyForDeploymentPostprocessing = 0;
		};
		FCFB20942ECEAE0C00F8E663 /* Resources */ = {
			isa = PBXResourcesBuildPhase;
			buildActionMask = 2147483647;
			files = (
			);
			runOnlyForDeploymentPostprocessing = 0;
		};
/* End PBXResourcesBuildPhase section */

/* Begin PBXSourcesBuildPhase section */
		FCFB207B2ECEAE0A00F8E663 /* Sources */ = {
			isa = PBXSourcesBuildPhase;
			buildActionMask = 2147483647;
			files = (
			);
			runOnlyForDeploymentPostprocessing = 0;
		};
		FCFB20882ECEAE0C00F8E663 /* Sources */ = {
			isa = PBXSourcesBuildPhase;
			buildActionMask = 2147483647;
			files = (
			);
			runOnlyForDeploymentPostprocessing = 0;
		};
		FCFB20922ECEAE0C00F8E663 /* Sources */ = {
			isa = PBXSourcesBuildPhase;
			buildActionMask = 2147483647;
			files = (
			);
			runOnlyForDeploymentPostprocessing = 0;
		};
/* End PBXSourcesBuildPhase section */

/* Begin PBXTargetDependency section */
		FCFB208E2ECEAE0C00F8E663 /* PBXTargetDependency */ = {
			isa = PBXTargetDependency;
			target = FCFB207E2ECEAE0A00F8E663 /* LRadar */;
			targetProxy = FCFB208D2ECEAE0C00F8E663 /* PBXContainerItemProxy */;
		};
		FCFB20982ECEAE0C00F8E663 /* PBXTargetDependency */ = {
			isa = PBXTargetDependency;
			target = FCFB207E2ECEAE0A00F8E663 /* LRadar */;
			targetProxy = FCFB20972ECEAE0C00F8E663 /* PBXContainerItemProxy */;
		};
/* End PBXTargetDependency section */

/* Begin XCBuildConfiguration section */
		FCFB209E2ECEAE0C00F8E663 /* Debug */ = {
			isa = XCBuildConfiguration;
			buildSettings = {
				ALWAYS_SEARCH_USER_PATHS = NO;
				ASSETCATALOG_COMPILER_GENERATE_SWIFT_ASSET_SYMBOL_EXTENSIONS = YES;
				CLANG_ANALYZER_NONNULL = YES;
				CLANG_ANALYZER_NUMBER_OBJECT_CONVERSION = YES_AGGRESSIVE;
				CLANG_CXX_LANGUAGE_STANDARD = "gnu++20";
				CLANG_ENABLE_MODULES = YES;
				CLANG_ENABLE_OBJC_ARC = YES;
				CLANG_ENABLE_OBJC_WEAK = YES;
				CLANG_WARN_BLOCK_CAPTURE_AUTORELEASING = YES;
				CLANG_WARN_BOOL_CONVERSION = YES;
				CLANG_WARN_COMMA = YES;
				CLANG_WARN_CONSTANT_CONVERSION = YES;
				CLANG_WARN_DEPRECATED_OBJC_IMPLEMENTATIONS = YES;
				CLANG_WARN_DIRECT_OBJC_ISA_USAGE = YES_ERROR;
				CLANG_WARN_DOCUMENTATION_COMMENTS = YES;
				CLANG_WARN_EMPTY_BODY = YES;
				CLANG_WARN_ENUM_CONVERSION = YES;
				CLANG_WARN_INFINITE_RECURSION = YES;
				CLANG_WARN_INT_CONVERSION = YES;
				CLANG_WARN_NON_LITERAL_NULL_CONVERSION = YES;
				CLANG_WARN_OBJC_IMPLICIT_RETAIN_SELF = YES;
				CLANG_WARN_OBJC_LITERAL_CONVERSION = YES;
				CLANG_WARN_OBJC_ROOT_CLASS = YES_ERROR;
				CLANG_WARN_QUOTED_INCLUDE_IN_FRAMEWORK_HEADER = YES;
				CLANG_WARN_RANGE_LOOP_ANALYSIS = YES;
				CLANG_WARN_STRICT_PROTOTYPES = YES;
				CLANG_WARN_SUSPICIOUS_MOVE = YES;
				CLANG_WARN_UNGUARDED_AVAILABILITY = YES_AGGRESSIVE;
				CLANG_WARN_UNREACHABLE_CODE = YES;
				CLANG_WARN__DUPLICATE_METHOD_MATCH = YES;
				COPY_PHASE_STRIP = NO;
				DEBUG_INFORMATION_FORMAT = dwarf;
				DEVELOPMENT_TEAM = 8HWTQL5936;
				ENABLE_STRICT_OBJC_MSGSEND = YES;
				ENABLE_TESTABILITY = YES;
				ENABLE_USER_SCRIPT_SANDBOXING = YES;
				GCC_C_LANGUAGE_STANDARD = gnu17;
				GCC_DYNAMIC_NO_PIC = NO;
				GCC_NO_COMMON_BLOCKS = YES;
				GCC_OPTIMIZATION_LEVEL = 0;
				GCC_PREPROCESSOR_DEFINITIONS = (
					"DEBUG=1",
					"$(inherited)",
				);
				GCC_WARN_64_TO_32_BIT_CONVERSION = YES;
				GCC_WARN_ABOUT_RETURN_TYPE = YES_ERROR;
				GCC_WARN_UNDECLARED_SELECTOR = YES;
				GCC_WARN_UNINITIALIZED_AUTOS = YES_AGGRESSIVE;
				GCC_WARN_UNUSED_FUNCTION = YES;
				GCC_WARN_UNUSED_VARIABLE = YES;
				IPHONEOS_DEPLOYMENT_TARGET = 18.5;
				LOCALIZATION_PREFERS_STRING_CATALOGS = YES;
				MTL_ENABLE_DEBUG_INFO = INCLUDE_SOURCE;
				MTL_FAST_MATH = YES;
				ONLY_ACTIVE_ARCH = YES;
				SDKROOT = iphoneos;
				SWIFT_ACTIVE_COMPILATION_CONDITIONS = "DEBUG $(inherited)";
				SWIFT_OPTIMIZATION_LEVEL = "-Onone";
			};
			name = Debug;
		};
		FCFB209F2ECEAE0C00F8E663 /* Release */ = {
			isa = XCBuildConfiguration;
			buildSettings = {
				ALWAYS_SEARCH_USER_PATHS = NO;
				ASSETCATALOG_COMPILER_GENERATE_SWIFT_ASSET_SYMBOL_EXTENSIONS = YES;
				CLANG_ANALYZER_NONNULL = YES;
				CLANG_ANALYZER_NUMBER_OBJECT_CONVERSION = YES_AGGRESSIVE;
				CLANG_CXX_LANGUAGE_STANDARD = "gnu++20";
				CLANG_ENABLE_MODULES = YES;
				CLANG_ENABLE_OBJC_ARC = YES;
				CLANG_ENABLE_OBJC_WEAK = YES;
				CLANG_WARN_BLOCK_CAPTURE_AUTORELEASING = YES;
				CLANG_WARN_BOOL_CONVERSION = YES;
				CLANG_WARN_COMMA = YES;
				CLANG_WARN_CONSTANT_CONVERSION = YES;
				CLANG_WARN_DEPRECATED_OBJC_IMPLEMENTATIONS = YES;
				CLANG_WARN_DIRECT_OBJC_ISA_USAGE = YES_ERROR;
				CLANG_WARN_DOCUMENTATION_COMMENTS = YES;
				CLANG_WARN_EMPTY_BODY = YES;
				CLANG_WARN_ENUM_CONVERSION = YES;
				CLANG_WARN_INFINITE_RECURSION = YES;
				CLANG_WARN_INT_CONVERSION = YES;
				CLANG_WARN_NON_LITERAL_NULL_CONVERSION = YES;
				CLANG_WARN_OBJC_IMPLICIT_RETAIN_SELF = YES;
				CLANG_WARN_OBJC_LITERAL_CONVERSION = YES;
				CLANG_WARN_OBJC_ROOT_CLASS = YES_ERROR;
				CLANG_WARN_QUOTED_INCLUDE_IN_FRAMEWORK_HEADER = YES;
				CLANG_WARN_RANGE_LOOP_ANALYSIS = YES;
				CLANG_WARN_STRICT_PROTOTYPES = YES;
				CLANG_WARN_SUSPICIOUS_MOVE = YES;
				CLANG_WARN_UNGUARDED_AVAILABILITY = YES_AGGRESSIVE;
				CLANG_WARN_UNREACHABLE_CODE = YES;
				CLANG_WARN__DUPLICATE_METHOD_MATCH = YES;
				COPY_PHASE_STRIP = NO;
				DEBUG_INFORMATION_FORMAT = "dwarf-with-dsym";
				DEVELOPMENT_TEAM = 8HWTQL5936;
				ENABLE_NS_ASSERTIONS = NO;
				ENABLE_STRICT_OBJC_MSGSEND = YES;
				ENABLE_USER_SCRIPT_SANDBOXING = YES;
				GCC_C_LANGUAGE_STANDARD = gnu17;
				GCC_NO_COMMON_BLOCKS = YES;
				GCC_WARN_64_TO_32_BIT_CONVERSION = YES;
				GCC_WARN_ABOUT_RETURN_TYPE = YES_ERROR;
				GCC_WARN_UNDECLARED_SELECTOR = YES;
				GCC_WARN_UNINITIALIZED_AUTOS = YES_AGGRESSIVE;
				GCC_WARN_UNUSED_FUNCTION = YES;
				GCC_WARN_UNUSED_VARIABLE = YES;
				IPHONEOS_DEPLOYMENT_TARGET = 18.5;
				LOCALIZATION_PREFERS_STRING_CATALOGS = YES;
				MTL_ENABLE_DEBUG_INFO = NO;
				MTL_FAST_MATH = YES;
				SDKROOT = iphoneos;
				SWIFT_COMPILATION_MODE = wholemodule;
				VALIDATE_PRODUCT = YES;
			};
			name = Release;
		};
		FCFB20A12ECEAE0C00F8E663 /* Debug */ = {
			isa = XCBuildConfiguration;
			buildSettings = {
				ASSETCATALOG_COMPILER_APPICON_NAME = AppIcon;
				ASSETCATALOG_COMPILER_GLOBAL_ACCENT_COLOR_NAME = AccentColor;
				CODE_SIGN_ENTITLEMENTS = LRadar/LRadar.entitlements;
				CODE_SIGN_STYLE = Automatic;
				CURRENT_PROJECT_VERSION = 1;
				DEVELOPMENT_TEAM = 8HWTQL5936;
				ENABLE_PREVIEWS = YES;
				GENERATE_INFOPLIST_FILE = YES;
				INFOPLIST_KEY_NSLocationWhenInUseUsageDescription = "我们需要您的位置来探索地图。";
				INFOPLIST_KEY_UIApplicationSceneManifest_Generation = YES;
				INFOPLIST_KEY_UIApplicationSupportsIndirectInputEvents = YES;
				INFOPLIST_KEY_UILaunchScreen_Generation = YES;
				INFOPLIST_KEY_UISupportedInterfaceOrientations_iPad = "UIInterfaceOrientationPortrait UIInterfaceOrientationPortraitUpsideDown UIInterfaceOrientationLandscapeLeft UIInterfaceOrientationLandscapeRight";
				INFOPLIST_KEY_UISupportedInterfaceOrientations_iPhone = "UIInterfaceOrientationPortrait UIInterfaceOrientationLandscapeLeft UIInterfaceOrientationLandscapeRight";
				LD_RUNPATH_SEARCH_PATHS = (
					"$(inherited)",
					"@executable_path/Frameworks",
				);
				MARKETING_VERSION = 1.0;
				PRODUCT_BUNDLE_IDENTIFIER = com.jasper.LRadar;
				PRODUCT_NAME = "$(TARGET_NAME)";
				SWIFT_EMIT_LOC_STRINGS = YES;
				SWIFT_VERSION = 5.0;
				TARGETED_DEVICE_FAMILY = "1,2";
			};
			name = Debug;
		};
		FCFB20A22ECEAE0C00F8E663 /* Release */ = {
			isa = XCBuildConfiguration;
			buildSettings = {
				ASSETCATALOG_COMPILER_APPICON_NAME = AppIcon;
				ASSETCATALOG_COMPILER_GLOBAL_ACCENT_COLOR_NAME = AccentColor;
				CODE_SIGN_ENTITLEMENTS = LRadar/LRadar.entitlements;
				CODE_SIGN_STYLE = Automatic;
				CURRENT_PROJECT_VERSION = 1;
				DEVELOPMENT_TEAM = 8HWTQL5936;
				ENABLE_PREVIEWS = YES;
				GENERATE_INFOPLIST_FILE = YES;
				INFOPLIST_KEY_NSLocationWhenInUseUsageDescription = "我们需要您的位置来探索地图。";
				INFOPLIST_KEY_UIApplicationSceneManifest_Generation = YES;
				INFOPLIST_KEY_UIApplicationSupportsIndirectInputEvents = YES;
				INFOPLIST_KEY_UILaunchScreen_Generation = YES;
				INFOPLIST_KEY_UISupportedInterfaceOrientations_iPad = "UIInterfaceOrientationPortrait UIInterfaceOrientationPortraitUpsideDown UIInterfaceOrientationLandscapeLeft UIInterfaceOrientationLandscapeRight";
				INFOPLIST_KEY_UISupportedInterfaceOrientations_iPhone = "UIInterfaceOrientationPortrait UIInterfaceOrientationLandscapeLeft UIInterfaceOrientationLandscapeRight";
				LD_RUNPATH_SEARCH_PATHS = (
					"$(inherited)",
					"@executable_path/Frameworks",
				);
				MARKETING_VERSION = 1.0;
				PRODUCT_BUNDLE_IDENTIFIER = com.jasper.LRadar;
				PRODUCT_NAME = "$(TARGET_NAME)";
				SWIFT_EMIT_LOC_STRINGS = YES;
				SWIFT_VERSION = 5.0;
				TARGETED_DEVICE_FAMILY = "1,2";
			};
			name = Release;
		};
		FCFB20A42ECEAE0C00F8E663 /* Debug */ = {
			isa = XCBuildConfiguration;
			buildSettings = {
				BUNDLE_LOADER = "$(TEST_HOST)";
				CODE_SIGN_STYLE = Automatic;
				CURRENT_PROJECT_VERSION = 1;
				DEVELOPMENT_TEAM = 8HWTQL5936;
				GENERATE_INFOPLIST_FILE = YES;
				IPHONEOS_DEPLOYMENT_TARGET = 18.5;
				MARKETING_VERSION = 1.0;
				PRODUCT_BUNDLE_IDENTIFIER = com.jasper.LRadarTests;
				PRODUCT_NAME = "$(TARGET_NAME)";
				SWIFT_EMIT_LOC_STRINGS = NO;
				SWIFT_VERSION = 5.0;
				TARGETED_DEVICE_FAMILY = "1,2";
				TEST_HOST = "$(BUILT_PRODUCTS_DIR)/LRadar.app/$(BUNDLE_EXECUTABLE_FOLDER_PATH)/LRadar";
			};
			name = Debug;
		};
		FCFB20A52ECEAE0C00F8E663 /* Release */ = {
			isa = XCBuildConfiguration;
			buildSettings = {
				BUNDLE_LOADER = "$(TEST_HOST)";
				CODE_SIGN_STYLE = Automatic;
				CURRENT_PROJECT_VERSION = 1;
				DEVELOPMENT_TEAM = 8HWTQL5936;
				GENERATE_INFOPLIST_FILE = YES;
				IPHONEOS_DEPLOYMENT_TARGET = 18.5;
				MARKETING_VERSION = 1.0;
				PRODUCT_BUNDLE_IDENTIFIER = com.jasper.LRadarTests;
				PRODUCT_NAME = "$(TARGET_NAME)";
				SWIFT_EMIT_LOC_STRINGS = NO;
				SWIFT_VERSION = 5.0;
				TARGETED_DEVICE_FAMILY = "1,2";
				TEST_HOST = "$(BUILT_PRODUCTS_DIR)/LRadar.app/$(BUNDLE_EXECUTABLE_FOLDER_PATH)/LRadar";
			};
			name = Release;
		};
		FCFB20A72ECEAE0C00F8E663 /* Debug */ = {
			isa = XCBuildConfiguration;
			buildSettings = {
				CODE_SIGN_STYLE = Automatic;
				CURRENT_PROJECT_VERSION = 1;
				DEVELOPMENT_TEAM = 8HWTQL5936;
				GENERATE_INFOPLIST_FILE = YES;
				MARKETING_VERSION = 1.0;
				PRODUCT_BUNDLE_IDENTIFIER = com.jasper.LRadarUITests;
				PRODUCT_NAME = "$(TARGET_NAME)";
				SWIFT_EMIT_LOC_STRINGS = NO;
				SWIFT_VERSION = 5.0;
				TARGETED_DEVICE_FAMILY = "1,2";
				TEST_TARGET_NAME = LRadar;
			};
			name = Debug;
		};
		FCFB20A82ECEAE0C00F8E663 /* Release */ = {
			isa = XCBuildConfiguration;
			buildSettings = {
				CODE_SIGN_STYLE = Automatic;
				CURRENT_PROJECT_VERSION = 1;
				DEVELOPMENT_TEAM = 8HWTQL5936;
				GENERATE_INFOPLIST_FILE = YES;
				MARKETING_VERSION = 1.0;
				PRODUCT_BUNDLE_IDENTIFIER = com.jasper.LRadarUITests;
				PRODUCT_NAME = "$(TARGET_NAME)";
				SWIFT_EMIT_LOC_STRINGS = NO;
				SWIFT_VERSION = 5.0;
				TARGETED_DEVICE_FAMILY = "1,2";
				TEST_TARGET_NAME = LRadar;
			};
			name = Release;
		};
/* End XCBuildConfiguration section */

/* Begin XCConfigurationList section */
		FCFB207A2ECEAE0A00F8E663 /* Build configuration list for PBXProject "LRadar" */ = {
			isa = XCConfigurationList;
			buildConfigurations = (
				FCFB209E2ECEAE0C00F8E663 /* Debug */,
				FCFB209F2ECEAE0C00F8E663 /* Release */,
			);
			defaultConfigurationIsVisible = 0;
			defaultConfigurationName = Release;
		};
		FCFB20A02ECEAE0C00F8E663 /* Build configuration list for PBXNativeTarget "LRadar" */ = {
			isa = XCConfigurationList;
			buildConfigurations = (
				FCFB20A12ECEAE0C00F8E663 /* Debug */,
				FCFB20A22ECEAE0C00F8E663 /* Release */,
			);
			defaultConfigurationIsVisible = 0;
			defaultConfigurationName = Release;
		};
		FCFB20A32ECEAE0C00F8E663 /* Build configuration list for PBXNativeTarget "LRadarTests" */ = {
			isa = XCConfigurationList;
			buildConfigurations = (
				FCFB20A42ECEAE0C00F8E663 /* Debug */,
				FCFB20A52ECEAE0C00F8E663 /* Release */,
			);
			defaultConfigurationIsVisible = 0;
			defaultConfigurationName = Release;
		};
		FCFB20A62ECEAE0C00F8E663 /* Build configuration list for PBXNativeTarget "LRadarUITests" */ = {
			isa = XCConfigurationList;
			buildConfigurations = (
				FCFB20A72ECEAE0C00F8E663 /* Debug */,
				FCFB20A82ECEAE0C00F8E663 /* Release */,
			);
			defaultConfigurationIsVisible = 0;
			defaultConfigurationName = Release;
		};
/* End XCConfigurationList section */

/* Begin XCRemoteSwiftPackageReference section */
		FC6C1D542ED0D77F00C05683 /* XCRemoteSwiftPackageReference "firebase-ios-sdk" */ = {
			isa = XCRemoteSwiftPackageReference;
			repositoryURL = "https://github.com/firebase/firebase-ios-sdk";
			requirement = {
				kind = upToNextMajorVersion;
				minimumVersion = 12.6.0;
			};
		};
/* End XCRemoteSwiftPackageReference section */

/* Begin XCSwiftPackageProductDependency section */
		FC6C1D552ED0D77F00C05683 /* FirebaseAuth */ = {
			isa = XCSwiftPackageProductDependency;
			package = FC6C1D542ED0D77F00C05683 /* XCRemoteSwiftPackageReference "firebase-ios-sdk" */;
			productName = FirebaseAuth;
		};
		FC6C1D572ED0D77F00C05683 /* FirebaseFirestore */ = {
			isa = XCSwiftPackageProductDependency;
			package = FC6C1D542ED0D77F00C05683 /* XCRemoteSwiftPackageReference "firebase-ios-sdk" */;
			productName = FirebaseFirestore;
		};
		FC6C1D592ED0D77F00C05683 /* FirebaseStorage */ = {
			isa = XCSwiftPackageProductDependency;
			package = FC6C1D542ED0D77F00C05683 /* XCRemoteSwiftPackageReference "firebase-ios-sdk" */;
			productName = FirebaseStorage;
		};
/* End XCSwiftPackageProductDependency section */
	};
	rootObject = FCFB20772ECEAE0A00F8E663 /* Project object */;
}
